
Microsoft Visual Studio Solution File, Format Version 12.00
# Visual Studio Version 17
VisualStudioVersion = 17.6.33815.320
MinimumVisualStudioVersion = 10.0.40219.1
Project("{FAE04EC0-301F-11D3-BF4B-00C04F79EFBC}") = "BlazorModalDialogs", "BlazorModalDialogs\BlazorModalDialogs.csproj", "{2FCCCA96-A0AC-4EC5-A578-AB4B677A7A06}"
EndProject
Global
	GlobalSection(SolutionConfigurationPlatforms) = preSolution
		Debug|Any CPU = Debug|Any CPU
		Release|Any CPU = Release|Any CPU
	EndGlobalSection
	GlobalSection(ProjectConfigurationPlatforms) = postSolution
		{2FCCCA96-A0AC-4EC5-A578-AB4B677A7A06}.Debug|Any CPU.ActiveCfg = Debug|Any CPU
		{2FCCCA96-A0AC-4EC5-A578-AB4B677A7A06}.Debug|Any CPU.Build.0 = Debug|Any CPU
		{2FCCCA96-A0AC-4EC5-A578-AB4B677A7A06}.Release|Any CPU.ActiveCfg = Release|Any CPU
		{2FCCCA96-A0AC-4EC5-A578-AB4B677A7A06}.Release|Any CPU.Build.0 = Release|Any CPU
	EndGlobalSection
	GlobalSection(SolutionProperties) = preSolution
		HideSolutionNode = FALSE
	EndGlobalSection
	GlobalSection(ExtensibilityGlobals) = postSolution
		SolutionGuid = {101CBDD2-5557-4F32-B24E-3BEE9240F864}
	EndGlobalSection
EndGlobal
